
Microsoft Visual Studio Solution File, Format Version 12.00
# Visual Studio Version 17
VisualStudioVersion = 17.3.32922.545
MinimumVisualStudioVersion = 10.0.40219.1
Project("{8BC9CEB8-8B4A-11D0-8D11-00A0C91BC942}") = "Engine", "Engine\Engine.vcxproj", "{B16864DE-B102-4AFB-9AA3-0960B8C1C92B}"
EndProject
Project("{8BC9CEB8-8B4A-11D0-8D11-00A0C91BC942}") = "Game", "Game\Game.vcxproj", "{1AC915D0-805C-45B6-A4E3-3D27AEACF37B}"
EndProject
Global
	GlobalSection(SolutionConfigurationPlatforms) = preSolution
		Debug|x64 = Debug|x64
		Debug|x86 = Debug|x86
		Release|x64 = Release|x64
		Release|x86 = Release|x86
	EndGlobalSection
	GlobalSection(ProjectConfigurationPlatforms) = postSolution
		{B16864DE-B102-4AFB-9AA3-0960B8C1C92B}.Debug|x64.ActiveCfg = Debug|x64
		{B16864DE-B102-4AFB-9AA3-0960B8C1C92B}.Debug|x64.Build.0 = Debug|x64
		{B16864DE-B102-4AFB-9AA3-0960B8C1C92B}.Debug|x86.ActiveCfg = Debug|Win32
		{B16864DE-B102-4AFB-9AA3-0960B8C1C92B}.Debug|x86.Build.0 = Debug|Win32
		{B16864DE-B102-4AFB-9AA3-0960B8C1C92B}.Release|x64.ActiveCfg = Release|x64
		{B16864DE-B102-4AFB-9AA3-0960B8C1C92B}.Release|x64.Build.0 = Release|x64
		{B16864DE-B102-4AFB-9AA3-0960B8C1C92B}.Release|x86.ActiveCfg = Release|Win32
		{B16864DE-B102-4AFB-9AA3-0960B8C1C92B}.Release|x86.Build.0 = Release|Win32
		{1AC915D0-805C-45B6-A4E3-3D27AEACF37B}.Debug|x64.ActiveCfg = Debug|x64
		{1AC915D0-805C-45B6-A4E3-3D27AEACF37B}.Debug|x64.Build.0 = Debug|x64
		{1AC915D0-805C-45B6-A4E3-3D27AEACF37B}.Debug|x86.ActiveCfg = Debug|Win32
		{1AC915D0-805C-45B6-A4E3-3D27AEACF37B}.Debug|x86.Build.0 = Debug|Win32
		{1AC915D0-805C-45B6-A4E3-3D27AEACF37B}.Release|x64.ActiveCfg = Release|x64
		{1AC915D0-805C-45B6-A4E3-3D27AEACF37B}.Release|x64.Build.0 = Release|x64
		{1AC915D0-805C-45B6-A4E3-3D27AEACF37B}.Release|x86.ActiveCfg = Release|Win32
		{1AC915D0-805C-45B6-A4E3-3D27AEACF37B}.Release|x86.Build.0 = Release|Win32
	EndGlobalSection
	GlobalSection(SolutionProperties) = preSolution
		HideSolutionNode = FALSE
	EndGlobalSection
	GlobalSection(ExtensibilityGlobals) = postSolution
		SolutionGuid = {1DA2ACAC-B972-453F-AD02-441A97682624}
	EndGlobalSection
EndGlobal
